
Microsoft Visual Studio Solution File, Format Version 12.00
# Visual Studio Version 16
VisualStudioVersion = 16.0.31702.278
MinimumVisualStudioVersion = 10.0.40219.1
Project("{8BC9CEB8-8B4A-11D0-8D11-00A0C91BC942}") = "quick_pow", "quick_pow\quick_pow.vcxproj", "{D4CBEA22-E3B8-4061-B114-187D6957284E}"
EndProject
Global
	GlobalSection(SolutionConfigurationPlatforms) = preSolution
		Debug|x64 = Debug|x64
		Debug|x86 = Debug|x86
		Release|x64 = Release|x64
		Release|x86 = Release|x86
	EndGlobalSection
	GlobalSection(ProjectConfigurationPlatforms) = postSolution
		{D4CBEA22-E3B8-4061-B114-187D6957284E}.Debug|x64.ActiveCfg = Debug|x64
		{D4CBEA22-E3B8-4061-B114-187D6957284E}.Debug|x64.Build.0 = Debug|x64
		{D4CBEA22-E3B8-4061-B114-187D6957284E}.Debug|x86.ActiveCfg = Debug|Win32
		{D4CBEA22-E3B8-4061-B114-187D6957284E}.Debug|x86.Build.0 = Debug|Win32
		{D4CBEA22-E3B8-4061-B114-187D6957284E}.Release|x64.ActiveCfg = Release|x64
		{D4CBEA22-E3B8-4061-B114-187D6957284E}.Release|x64.Build.0 = Release|x64
		{D4CBEA22-E3B8-4061-B114-187D6957284E}.Release|x86.ActiveCfg = Release|Win32
		{D4CBEA22-E3B8-4061-B114-187D6957284E}.Release|x86.Build.0 = Release|Win32
	EndGlobalSection
	GlobalSection(SolutionProperties) = preSolution
		HideSolutionNode = FALSE
	EndGlobalSection
	GlobalSection(ExtensibilityGlobals) = postSolution
		SolutionGuid = {5A76E89F-42C6-4C2C-9B20-0C2CABDBFDF9}
	EndGlobalSection
EndGlobal
